
Microsoft Visual Studio Solution File, Format Version 12.00
# Visual Studio Version 17
VisualStudioVersion = 17.0.31903.59
MinimumVisualStudioVersion = 10.0.40219.1
Project("{2150E333-8FDC-42A3-9474-1A3956D46DE8}") = "src", "src", "{6A844045-4E8E-42D7-92C2-6EAF73ED6237}"
EndProject
Project("{FAE04EC0-301F-11D3-BF4B-00C04F79EFBC}") = "Dpm.BuildingBlocks", "src\Dpm.BuildingBlocks\Dpm.BuildingBlocks.csproj", "{503CC49C-67C7-4CCC-B628-2428B5CCBA31}"
EndProject
Project("{FAE04EC0-301F-11D3-BF4B-00C04F79EFBC}") = "Dpm.Api", "src\Dpm.Api\Dpm.Api.csproj", "{1327F58E-6B88-4A81-93A6-A798B4A8AF7E}"
EndProject
Project("{2150E333-8FDC-42A3-9474-1A3956D46DE8}") = "Modules", "Modules", "{511438B0-0E80-4903-8552-D9EB88C55246}"
EndProject
Project("{2150E333-8FDC-42A3-9474-1A3956D46DE8}") = "Identity", "Identity", "{E6840741-604E-4CE2-A92D-68E5A34F52DF}"
EndProject
Project("{FAE04EC0-301F-11D3-BF4B-00C04F79EFBC}") = "Dpm.Identity.Domain", "src\Modules\Identity\Dpm.Identity.Domain\Dpm.Identity.Domain.csproj", "{433B206D-6255-411C-9EF8-3CB55FB4333A}"
EndProject
Project("{FAE04EC0-301F-11D3-BF4B-00C04F79EFBC}") = "Dpm.Identity.Application", "src\Modules\Identity\Dpm.Identity.Application\Dpm.Identity.Application.csproj", "{923AAE39-DBCD-4E43-AF6F-C6008EE5C1CC}"
EndProject
Project("{FAE04EC0-301F-11D3-BF4B-00C04F79EFBC}") = "Dpm.Identity.Infrastructure", "src\Modules\Identity\Dpm.Identity.Infrastructure\Dpm.Identity.Infrastructure.csproj", "{133D2FEE-EBA4-4543-B375-1F3BD42355B4}"
EndProject
Project("{FAE04EC0-301F-11D3-BF4B-00C04F79EFBC}") = "Dpm.Identity.Api", "src\Modules\Identity\Dpm.Identity.Api\Dpm.Identity.Api.csproj", "{B5370D52-F0A3-4EE2-8F8C-BC4F4C277823}"
EndProject
Project("{2150E333-8FDC-42A3-9474-1A3956D46DE8}") = "tests", "tests", "{4604D478-F8E3-4E5E-BA9F-9E9322167329}"
EndProject
Project("{FAE04EC0-301F-11D3-BF4B-00C04F79EFBC}") = "Dpm.UnitTests", "tests\Dpm.UnitTests\Dpm.UnitTests.csproj", "{DABFF11F-49B1-4CF5-9978-0B06A04AD6EC}"
EndProject
Project("{FAE04EC0-301F-11D3-BF4B-00C04F79EFBC}") = "Dpm.SharedApi", "src\Dpm.SharedApi\Dpm.SharedApi.csproj", "{ED60B041-A299-4C31-A236-B1666F3647C1}"
EndProject
Project("{FAE04EC0-301F-11D3-BF4B-00C04F79EFBC}") = "Dpm.Identity.Contracts", "src\Modules\Identity\Dpm.Identity.Contracts\Dpm.Identity.Contracts.csproj", "{0C03A407-0032-42B9-9815-47E8017065F6}"
EndProject
Project("{2150E333-8FDC-42A3-9474-1A3956D46DE8}") = "Marketplace", "Marketplace", "{A7858EE0-867C-4DE7-8297-612D979108DD}"
EndProject
Project("{FAE04EC0-301F-11D3-BF4B-00C04F79EFBC}") = "Dpm.Marketplace.Contracts", "src\Modules\Marketplace\Dpm.Marketplace.Contracts\Dpm.Marketplace.Contracts.csproj", "{FBE5C4CC-1B72-41E6-8E31-86AF8BC9C64E}"
EndProject
Project("{FAE04EC0-301F-11D3-BF4B-00C04F79EFBC}") = "Dpm.Marketplace.Domain", "src\Modules\Marketplace\Dpm.Marketplace.Domain\Dpm.Marketplace.Domain.csproj", "{CCCF174F-53F4-4726-8E9D-0C763828468B}"
EndProject
Project("{FAE04EC0-301F-11D3-BF4B-00C04F79EFBC}") = "Dpm.Marketplace.Application", "src\Modules\Marketplace\Dpm.Marketplace.Application\Dpm.Marketplace.Application.csproj", "{7343DECB-755D-4E2C-B7AB-F94DFD790298}"
EndProject
Project("{FAE04EC0-301F-11D3-BF4B-00C04F79EFBC}") = "Dpm.Marketplace.Infrastructure", "src\Modules\Marketplace\Dpm.Marketplace.Infrastructure\Dpm.Marketplace.Infrastructure.csproj", "{FE23959A-1DCD-4CDB-BF54-7F052242C017}"
EndProject
Project("{FAE04EC0-301F-11D3-BF4B-00C04F79EFBC}") = "Dpm.Marketplace.Api", "src\Modules\Marketplace\Dpm.Marketplace.Api\Dpm.Marketplace.Api.csproj", "{0E54B92B-024E-47C2-8B4A-E6B74E9387C9}"
EndProject
Project("{2150E333-8FDC-42A3-9474-1A3956D46DE8}") = "Catalog", "Catalog", "{924F7DD6-46B4-4CD0-A270-A86438E77238}"
EndProject
Project("{FAE04EC0-301F-11D3-BF4B-00C04F79EFBC}") = "Dpm.Catalog.Contracts", "src\Modules\Catalog\Dpm.Catalog.Contracts\Dpm.Catalog.Contracts.csproj", "{E59CC896-3A04-4274-A420-9623F0721F46}"
EndProject
Project("{FAE04EC0-301F-11D3-BF4B-00C04F79EFBC}") = "Dpm.Catalog.Domain", "src\Modules\Catalog\Dpm.Catalog.Domain\Dpm.Catalog.Domain.csproj", "{E7C3CE19-FC88-454F-B234-B19BA02B7B7A}"
EndProject
Project("{FAE04EC0-301F-11D3-BF4B-00C04F79EFBC}") = "Dpm.Catalog.Application", "src\Modules\Catalog\Dpm.Catalog.Application\Dpm.Catalog.Application.csproj", "{3B0CBE37-76DB-4ADB-B647-15A14888E252}"
EndProject
Project("{FAE04EC0-301F-11D3-BF4B-00C04F79EFBC}") = "Dpm.Catalog.Infrastructure", "src\Modules\Catalog\Dpm.Catalog.Infrastructure\Dpm.Catalog.Infrastructure.csproj", "{611B844D-9283-4000-8203-42DF2393BE2F}"
EndProject
Project("{FAE04EC0-301F-11D3-BF4B-00C04F79EFBC}") = "Dpm.Catalog.Api", "src\Modules\Catalog\Dpm.Catalog.Api\Dpm.Catalog.Api.csproj", "{0737204C-DEBC-47C0-AC09-5F2AE31C4C65}"
EndProject
Project("{2150E333-8FDC-42A3-9474-1A3956D46DE8}") = "Files", "Files", "{A3794E8A-AEE3-4AB7-B18B-EF03BCE963D6}"
EndProject
Project("{FAE04EC0-301F-11D3-BF4B-00C04F79EFBC}") = "Dpm.Files.Domain", "src\Modules\Files\Dpm.Files.Domain\Dpm.Files.Domain.csproj", "{015C211E-8F9B-401D-B5A5-49237D33AEE2}"
EndProject
Project("{FAE04EC0-301F-11D3-BF4B-00C04F79EFBC}") = "Dpm.Files.Application", "src\Modules\Files\Dpm.Files.Application\Dpm.Files.Application.csproj", "{AE2D7756-B26E-4344-B31F-970FFF957A3A}"
EndProject
Project("{FAE04EC0-301F-11D3-BF4B-00C04F79EFBC}") = "Dpm.Files.Infrastructure", "src\Modules\Files\Dpm.Files.Infrastructure\Dpm.Files.Infrastructure.csproj", "{CABF8917-915F-47D3-B206-5CF6A36AB844}"
EndProject
Project("{FAE04EC0-301F-11D3-BF4B-00C04F79EFBC}") = "Dpm.Files.Api", "src\Modules\Files\Dpm.Files.Api\Dpm.Files.Api.csproj", "{7BC40D6B-4762-4CFA-AC6F-EC3AA3C53C7D}"
EndProject
Project("{FAE04EC0-301F-11D3-BF4B-00C04F79EFBC}") = "Dpm.Outbox", "src\Dpm.Outbox\Dpm.Outbox.csproj", "{436EE719-9BF5-4CA9-B5ED-5519B6174465}"
EndProject
Project("{2150E333-8FDC-42A3-9474-1A3956D46DE8}") = "Orders", "Orders", "{26C588E5-553A-4DCE-B7E8-2F1FA7869B37}"
EndProject
Project("{FAE04EC0-301F-11D3-BF4B-00C04F79EFBC}") = "Dpm.Orders.Api", "src\Modules\Orders\Dpm.Orders.Api\Dpm.Orders.Api.csproj", "{C0BD60EE-BC61-4346-8D68-98BB4DE07FC9}"
EndProject
Project("{FAE04EC0-301F-11D3-BF4B-00C04F79EFBC}") = "Dpm.Orders.Application", "src\Modules\Orders\Dpm.Orders.Application\Dpm.Orders.Application.csproj", "{3C42E4AC-7EB0-473C-AD31-997C76F7312B}"
EndProject
Project("{FAE04EC0-301F-11D3-BF4B-00C04F79EFBC}") = "Dpm.Orders.Contracts", "src\Modules\Orders\Dpm.Orders.Contracts\Dpm.Orders.Contracts.csproj", "{2723A619-DC17-4079-B280-6C95C1C19533}"
EndProject
Project("{FAE04EC0-301F-11D3-BF4B-00C04F79EFBC}") = "Dpm.Orders.Domain", "src\Modules\Orders\Dpm.Orders.Domain\Dpm.Orders.Domain.csproj", "{CF0F6248-A1E0-4E42-86C7-F166663EF9A1}"
EndProject
Project("{FAE04EC0-301F-11D3-BF4B-00C04F79EFBC}") = "Dpm.Orders.Infrastructure", "src\Modules\Orders\Dpm.Orders.Infrastructure\Dpm.Orders.Infrastructure.csproj", "{FF0C60D9-32B8-4C47-A8BC-B2E2E6677BDA}"
EndProject
Project("{2150E333-8FDC-42A3-9474-1A3956D46DE8}") = "Payments", "Payments", "{F42B84CF-EC56-4B32-9808-EE086901DADF}"
EndProject
Project("{FAE04EC0-301F-11D3-BF4B-00C04F79EFBC}") = "Dpm.Payments.Application", "src\Modules\Payments\Dpm.Payments.Application\Dpm.Payments.Application.csproj", "{EB9569D6-ADE3-4AFC-9A09-30EA41BAF6EC}"
EndProject
Project("{FAE04EC0-301F-11D3-BF4B-00C04F79EFBC}") = "Dpm.Payments.Contracts", "src\Modules\Payments\Dpm.Payments.Contracts\Dpm.Payments.Contracts.csproj", "{87BADA14-FEEA-4B80-8339-D1D0D5838D82}"
EndProject
Project("{FAE04EC0-301F-11D3-BF4B-00C04F79EFBC}") = "Dpm.Payments.Domain", "src\Modules\Payments\Dpm.Payments.Domain\Dpm.Payments.Domain.csproj", "{9A59B594-780A-4196-880C-7E985307B442}"
EndProject
Project("{FAE04EC0-301F-11D3-BF4B-00C04F79EFBC}") = "Dpm.Payments.Infrastructure", "src\Modules\Payments\Dpm.Payments.Infrastructure\Dpm.Payments.Infrastructure.csproj", "{EBFDC82D-7F0C-4588-B188-0326E9628B32}"
EndProject
Project("{FAE04EC0-301F-11D3-BF4B-00C04F79EFBC}") = "Dpm.Payments.Api", "src\Modules\Payments\Dpm.Payments.Api\Dpm.Payments.Api.csproj", "{1ED2F1A0-724E-4336-B51C-2A008EAC95E7}"
EndProject
Project("{2150E333-8FDC-42A3-9474-1A3956D46DE8}") = "Ledger", "Ledger", "{7F0452E9-3ADC-47EE-9B76-AF03BFEDF929}"
EndProject
Project("{FAE04EC0-301F-11D3-BF4B-00C04F79EFBC}") = "Dpm.Ledger.Api", "src\Modules\Ledger\Dpm.Ledger.Api\Dpm.Ledger.Api.csproj", "{994F135D-AB60-445C-9930-6F2D3C9A1CAE}"
EndProject
Project("{FAE04EC0-301F-11D3-BF4B-00C04F79EFBC}") = "Dpm.Ledger.Application", "src\Modules\Ledger\Dpm.Ledger.Application\Dpm.Ledger.Application.csproj", "{FBAA74C2-B100-420B-B3EC-F0050D9B0AD2}"
EndProject
Project("{FAE04EC0-301F-11D3-BF4B-00C04F79EFBC}") = "Dpm.Ledger.Contracts", "src\Modules\Ledger\Dpm.Ledger.Contracts\Dpm.Ledger.Contracts.csproj", "{EA3DAC94-E029-450B-91FC-AE0725A5CBCD}"
EndProject
Project("{FAE04EC0-301F-11D3-BF4B-00C04F79EFBC}") = "Dpm.Ledger.Domain", "src\Modules\Ledger\Dpm.Ledger.Domain\Dpm.Ledger.Domain.csproj", "{53B8C174-838E-46DA-B128-D4178F921D5E}"
EndProject
Project("{FAE04EC0-301F-11D3-BF4B-00C04F79EFBC}") = "Dpm.Ledger.Infrastructure", "src\Modules\Ledger\Dpm.Ledger.Infrastructure\Dpm.Ledger.Infrastructure.csproj", "{F6A37229-B087-471E-AC02-CB822B37536C}"
EndProject
Project("{2150E333-8FDC-42A3-9474-1A3956D46DE8}") = "Downloads", "Downloads", "{43582692-DF6C-476A-BC95-3865AA85A7CE}"
EndProject
Project("{FAE04EC0-301F-11D3-BF4B-00C04F79EFBC}") = "Dpm.Downloads.Api", "src\Modules\Downloads\Dpm.Downloads.Api\Dpm.Downloads.Api.csproj", "{97F4BFB0-8B3A-4195-A00C-33D5A133A757}"
EndProject
Project("{FAE04EC0-301F-11D3-BF4B-00C04F79EFBC}") = "Dpm.Downloads.Application", "src\Modules\Downloads\Dpm.Downloads.Application\Dpm.Downloads.Application.csproj", "{81F8E5E9-8E71-48EC-9B79-A6018055B4AE}"
EndProject
Project("{FAE04EC0-301F-11D3-BF4B-00C04F79EFBC}") = "Dpm.Downloads.Infrastructure", "src\Modules\Downloads\Dpm.Downloads.Infrastructure\Dpm.Downloads.Infrastructure.csproj", "{A9E79CF1-81DB-405F-8338-5564DADCF5DA}"
EndProject
Project("{FAE04EC0-301F-11D3-BF4B-00C04F79EFBC}") = "Dpm.Files.Contracts", "src\Modules\Files\Dpm.Files.Contracts\Dpm.Files.Contracts.csproj", "{98922EDB-956E-4418-B634-93FCEF5A9661}"
EndProject
Global
	GlobalSection(SolutionConfigurationPlatforms) = preSolution
		Debug|Any CPU = Debug|Any CPU
		Release|Any CPU = Release|Any CPU
	EndGlobalSection
	GlobalSection(SolutionProperties) = preSolution
		HideSolutionNode = FALSE
	EndGlobalSection
	GlobalSection(ProjectConfigurationPlatforms) = postSolution
		{503CC49C-67C7-4CCC-B628-2428B5CCBA31}.Debug|Any CPU.ActiveCfg = Debug|Any CPU
		{503CC49C-67C7-4CCC-B628-2428B5CCBA31}.Debug|Any CPU.Build.0 = Debug|Any CPU
		{503CC49C-67C7-4CCC-B628-2428B5CCBA31}.Release|Any CPU.ActiveCfg = Release|Any CPU
		{503CC49C-67C7-4CCC-B628-2428B5CCBA31}.Release|Any CPU.Build.0 = Release|Any CPU
		{1327F58E-6B88-4A81-93A6-A798B4A8AF7E}.Debug|Any CPU.ActiveCfg = Debug|Any CPU
		{1327F58E-6B88-4A81-93A6-A798B4A8AF7E}.Debug|Any CPU.Build.0 = Debug|Any CPU
		{1327F58E-6B88-4A81-93A6-A798B4A8AF7E}.Release|Any CPU.ActiveCfg = Release|Any CPU
		{1327F58E-6B88-4A81-93A6-A798B4A8AF7E}.Release|Any CPU.Build.0 = Release|Any CPU
		{433B206D-6255-411C-9EF8-3CB55FB4333A}.Debug|Any CPU.ActiveCfg = Debug|Any CPU
		{433B206D-6255-411C-9EF8-3CB55FB4333A}.Debug|Any CPU.Build.0 = Debug|Any CPU
		{433B206D-6255-411C-9EF8-3CB55FB4333A}.Release|Any CPU.ActiveCfg = Release|Any CPU
		{433B206D-6255-411C-9EF8-3CB55FB4333A}.Release|Any CPU.Build.0 = Release|Any CPU
		{923AAE39-DBCD-4E43-AF6F-C6008EE5C1CC}.Debug|Any CPU.ActiveCfg = Debug|Any CPU
		{923AAE39-DBCD-4E43-AF6F-C6008EE5C1CC}.Debug|Any CPU.Build.0 = Debug|Any CPU
		{923AAE39-DBCD-4E43-AF6F-C6008EE5C1CC}.Release|Any CPU.ActiveCfg = Release|Any CPU
		{923AAE39-DBCD-4E43-AF6F-C6008EE5C1CC}.Release|Any CPU.Build.0 = Release|Any CPU
		{133D2FEE-EBA4-4543-B375-1F3BD42355B4}.Debug|Any CPU.ActiveCfg = Debug|Any CPU
		{133D2FEE-EBA4-4543-B375-1F3BD42355B4}.Debug|Any CPU.Build.0 = Debug|Any CPU
		{133D2FEE-EBA4-4543-B375-1F3BD42355B4}.Release|Any CPU.ActiveCfg = Release|Any CPU
		{133D2FEE-EBA4-4543-B375-1F3BD42355B4}.Release|Any CPU.Build.0 = Release|Any CPU
		{B5370D52-F0A3-4EE2-8F8C-BC4F4C277823}.Debug|Any CPU.ActiveCfg = Debug|Any CPU
		{B5370D52-F0A3-4EE2-8F8C-BC4F4C277823}.Debug|Any CPU.Build.0 = Debug|Any CPU
		{B5370D52-F0A3-4EE2-8F8C-BC4F4C277823}.Release|Any CPU.ActiveCfg = Release|Any CPU
		{B5370D52-F0A3-4EE2-8F8C-BC4F4C277823}.Release|Any CPU.Build.0 = Release|Any CPU
		{DABFF11F-49B1-4CF5-9978-0B06A04AD6EC}.Debug|Any CPU.ActiveCfg = Debug|Any CPU
		{DABFF11F-49B1-4CF5-9978-0B06A04AD6EC}.Debug|Any CPU.Build.0 = Debug|Any CPU
		{DABFF11F-49B1-4CF5-9978-0B06A04AD6EC}.Release|Any CPU.ActiveCfg = Release|Any CPU
		{DABFF11F-49B1-4CF5-9978-0B06A04AD6EC}.Release|Any CPU.Build.0 = Release|Any CPU
		{ED60B041-A299-4C31-A236-B1666F3647C1}.Debug|Any CPU.ActiveCfg = Debug|Any CPU
		{ED60B041-A299-4C31-A236-B1666F3647C1}.Debug|Any CPU.Build.0 = Debug|Any CPU
		{ED60B041-A299-4C31-A236-B1666F3647C1}.Release|Any CPU.ActiveCfg = Release|Any CPU
		{ED60B041-A299-4C31-A236-B1666F3647C1}.Release|Any CPU.Build.0 = Release|Any CPU
		{0C03A407-0032-42B9-9815-47E8017065F6}.Debug|Any CPU.ActiveCfg = Debug|Any CPU
		{0C03A407-0032-42B9-9815-47E8017065F6}.Debug|Any CPU.Build.0 = Debug|Any CPU
		{0C03A407-0032-42B9-9815-47E8017065F6}.Release|Any CPU.ActiveCfg = Release|Any CPU
		{0C03A407-0032-42B9-9815-47E8017065F6}.Release|Any CPU.Build.0 = Release|Any CPU
		{FBE5C4CC-1B72-41E6-8E31-86AF8BC9C64E}.Debug|Any CPU.ActiveCfg = Debug|Any CPU
		{FBE5C4CC-1B72-41E6-8E31-86AF8BC9C64E}.Debug|Any CPU.Build.0 = Debug|Any CPU
		{FBE5C4CC-1B72-41E6-8E31-86AF8BC9C64E}.Release|Any CPU.ActiveCfg = Release|Any CPU
		{FBE5C4CC-1B72-41E6-8E31-86AF8BC9C64E}.Release|Any CPU.Build.0 = Release|Any CPU
		{CCCF174F-53F4-4726-8E9D-0C763828468B}.Debug|Any CPU.ActiveCfg = Debug|Any CPU
		{CCCF174F-53F4-4726-8E9D-0C763828468B}.Debug|Any CPU.Build.0 = Debug|Any CPU
		{CCCF174F-53F4-4726-8E9D-0C763828468B}.Release|Any CPU.ActiveCfg = Release|Any CPU
		{CCCF174F-53F4-4726-8E9D-0C763828468B}.Release|Any CPU.Build.0 = Release|Any CPU
		{7343DECB-755D-4E2C-B7AB-F94DFD790298}.Debug|Any CPU.ActiveCfg = Debug|Any CPU
		{7343DECB-755D-4E2C-B7AB-F94DFD790298}.Debug|Any CPU.Build.0 = Debug|Any CPU
		{7343DECB-755D-4E2C-B7AB-F94DFD790298}.Release|Any CPU.ActiveCfg = Release|Any CPU
		{7343DECB-755D-4E2C-B7AB-F94DFD790298}.Release|Any CPU.Build.0 = Release|Any CPU
		{FE23959A-1DCD-4CDB-BF54-7F052242C017}.Debug|Any CPU.ActiveCfg = Debug|Any CPU
		{FE23959A-1DCD-4CDB-BF54-7F052242C017}.Debug|Any CPU.Build.0 = Debug|Any CPU
		{FE23959A-1DCD-4CDB-BF54-7F052242C017}.Release|Any CPU.ActiveCfg = Release|Any CPU
		{FE23959A-1DCD-4CDB-BF54-7F052242C017}.Release|Any CPU.Build.0 = Release|Any CPU
		{0E54B92B-024E-47C2-8B4A-E6B74E9387C9}.Debug|Any CPU.ActiveCfg = Debug|Any CPU
		{0E54B92B-024E-47C2-8B4A-E6B74E9387C9}.Debug|Any CPU.Build.0 = Debug|Any CPU
		{0E54B92B-024E-47C2-8B4A-E6B74E9387C9}.Release|Any CPU.ActiveCfg = Release|Any CPU
		{0E54B92B-024E-47C2-8B4A-E6B74E9387C9}.Release|Any CPU.Build.0 = Release|Any CPU
		{E59CC896-3A04-4274-A420-9623F0721F46}.Debug|Any CPU.ActiveCfg = Debug|Any CPU
		{E59CC896-3A04-4274-A420-9623F0721F46}.Debug|Any CPU.Build.0 = Debug|Any CPU
		{E59CC896-3A04-4274-A420-9623F0721F46}.Release|Any CPU.ActiveCfg = Release|Any CPU
		{E59CC896-3A04-4274-A420-9623F0721F46}.Release|Any CPU.Build.0 = Release|Any CPU
		{E7C3CE19-FC88-454F-B234-B19BA02B7B7A}.Debug|Any CPU.ActiveCfg = Debug|Any CPU
		{E7C3CE19-FC88-454F-B234-B19BA02B7B7A}.Debug|Any CPU.Build.0 = Debug|Any CPU
		{E7C3CE19-FC88-454F-B234-B19BA02B7B7A}.Release|Any CPU.ActiveCfg = Release|Any CPU
		{E7C3CE19-FC88-454F-B234-B19BA02B7B7A}.Release|Any CPU.Build.0 = Release|Any CPU
		{3B0CBE37-76DB-4ADB-B647-15A14888E252}.Debug|Any CPU.ActiveCfg = Debug|Any CPU
		{3B0CBE37-76DB-4ADB-B647-15A14888E252}.Debug|Any CPU.Build.0 = Debug|Any CPU
		{3B0CBE37-76DB-4ADB-B647-15A14888E252}.Release|Any CPU.ActiveCfg = Release|Any CPU
		{3B0CBE37-76DB-4ADB-B647-15A14888E252}.Release|Any CPU.Build.0 = Release|Any CPU
		{611B844D-9283-4000-8203-42DF2393BE2F}.Debug|Any CPU.ActiveCfg = Debug|Any CPU
		{611B844D-9283-4000-8203-42DF2393BE2F}.Debug|Any CPU.Build.0 = Debug|Any CPU
		{611B844D-9283-4000-8203-42DF2393BE2F}.Release|Any CPU.ActiveCfg = Release|Any CPU
		{611B844D-9283-4000-8203-42DF2393BE2F}.Release|Any CPU.Build.0 = Release|Any CPU
		{0737204C-DEBC-47C0-AC09-5F2AE31C4C65}.Debug|Any CPU.ActiveCfg = Debug|Any CPU
		{0737204C-DEBC-47C0-AC09-5F2AE31C4C65}.Debug|Any CPU.Build.0 = Debug|Any CPU
		{0737204C-DEBC-47C0-AC09-5F2AE31C4C65}.Release|Any CPU.ActiveCfg = Release|Any CPU
		{0737204C-DEBC-47C0-AC09-5F2AE31C4C65}.Release|Any CPU.Build.0 = Release|Any CPU
		{015C211E-8F9B-401D-B5A5-49237D33AEE2}.Debug|Any CPU.ActiveCfg = Debug|Any CPU
		{015C211E-8F9B-401D-B5A5-49237D33AEE2}.Debug|Any CPU.Build.0 = Debug|Any CPU
		{015C211E-8F9B-401D-B5A5-49237D33AEE2}.Release|Any CPU.ActiveCfg = Release|Any CPU
		{015C211E-8F9B-401D-B5A5-49237D33AEE2}.Release|Any CPU.Build.0 = Release|Any CPU
		{AE2D7756-B26E-4344-B31F-970FFF957A3A}.Debug|Any CPU.ActiveCfg = Debug|Any CPU
		{AE2D7756-B26E-4344-B31F-970FFF957A3A}.Debug|Any CPU.Build.0 = Debug|Any CPU
		{AE2D7756-B26E-4344-B31F-970FFF957A3A}.Release|Any CPU.ActiveCfg = Release|Any CPU
		{AE2D7756-B26E-4344-B31F-970FFF957A3A}.Release|Any CPU.Build.0 = Release|Any CPU
		{CABF8917-915F-47D3-B206-5CF6A36AB844}.Debug|Any CPU.ActiveCfg = Debug|Any CPU
		{CABF8917-915F-47D3-B206-5CF6A36AB844}.Debug|Any CPU.Build.0 = Debug|Any CPU
		{CABF8917-915F-47D3-B206-5CF6A36AB844}.Release|Any CPU.ActiveCfg = Release|Any CPU
		{CABF8917-915F-47D3-B206-5CF6A36AB844}.Release|Any CPU.Build.0 = Release|Any CPU
		{7BC40D6B-4762-4CFA-AC6F-EC3AA3C53C7D}.Debug|Any CPU.ActiveCfg = Debug|Any CPU
		{7BC40D6B-4762-4CFA-AC6F-EC3AA3C53C7D}.Debug|Any CPU.Build.0 = Debug|Any CPU
		{7BC40D6B-4762-4CFA-AC6F-EC3AA3C53C7D}.Release|Any CPU.ActiveCfg = Release|Any CPU
		{7BC40D6B-4762-4CFA-AC6F-EC3AA3C53C7D}.Release|Any CPU.Build.0 = Release|Any CPU
		{436EE719-9BF5-4CA9-B5ED-5519B6174465}.Debug|Any CPU.ActiveCfg = Debug|Any CPU
		{436EE719-9BF5-4CA9-B5ED-5519B6174465}.Debug|Any CPU.Build.0 = Debug|Any CPU
		{436EE719-9BF5-4CA9-B5ED-5519B6174465}.Release|Any CPU.ActiveCfg = Release|Any CPU
		{436EE719-9BF5-4CA9-B5ED-5519B6174465}.Release|Any CPU.Build.0 = Release|Any CPU
		{C0BD60EE-BC61-4346-8D68-98BB4DE07FC9}.Debug|Any CPU.ActiveCfg = Debug|Any CPU
		{C0BD60EE-BC61-4346-8D68-98BB4DE07FC9}.Debug|Any CPU.Build.0 = Debug|Any CPU
		{C0BD60EE-BC61-4346-8D68-98BB4DE07FC9}.Release|Any CPU.ActiveCfg = Release|Any CPU
		{C0BD60EE-BC61-4346-8D68-98BB4DE07FC9}.Release|Any CPU.Build.0 = Release|Any CPU
		{3C42E4AC-7EB0-473C-AD31-997C76F7312B}.Debug|Any CPU.ActiveCfg = Debug|Any CPU
		{3C42E4AC-7EB0-473C-AD31-997C76F7312B}.Debug|Any CPU.Build.0 = Debug|Any CPU
		{3C42E4AC-7EB0-473C-AD31-997C76F7312B}.Release|Any CPU.ActiveCfg = Release|Any CPU
		{3C42E4AC-7EB0-473C-AD31-997C76F7312B}.Release|Any CPU.Build.0 = Release|Any CPU
		{2723A619-DC17-4079-B280-6C95C1C19533}.Debug|Any CPU.ActiveCfg = Debug|Any CPU
		{2723A619-DC17-4079-B280-6C95C1C19533}.Debug|Any CPU.Build.0 = Debug|Any CPU
		{2723A619-DC17-4079-B280-6C95C1C19533}.Release|Any CPU.ActiveCfg = Release|Any CPU
		{2723A619-DC17-4079-B280-6C95C1C19533}.Release|Any CPU.Build.0 = Release|Any CPU
		{CF0F6248-A1E0-4E42-86C7-F166663EF9A1}.Debug|Any CPU.ActiveCfg = Debug|Any CPU
		{CF0F6248-A1E0-4E42-86C7-F166663EF9A1}.Debug|Any CPU.Build.0 = Debug|Any CPU
		{CF0F6248-A1E0-4E42-86C7-F166663EF9A1}.Release|Any CPU.ActiveCfg = Release|Any CPU
		{CF0F6248-A1E0-4E42-86C7-F166663EF9A1}.Release|Any CPU.Build.0 = Release|Any CPU
		{FF0C60D9-32B8-4C47-A8BC-B2E2E6677BDA}.Debug|Any CPU.ActiveCfg = Debug|Any CPU
		{FF0C60D9-32B8-4C47-A8BC-B2E2E6677BDA}.Debug|Any CPU.Build.0 = Debug|Any CPU
		{FF0C60D9-32B8-4C47-A8BC-B2E2E6677BDA}.Release|Any CPU.ActiveCfg = Release|Any CPU
		{FF0C60D9-32B8-4C47-A8BC-B2E2E6677BDA}.Release|Any CPU.Build.0 = Release|Any CPU
		{EB9569D6-ADE3-4AFC-9A09-30EA41BAF6EC}.Debug|Any CPU.ActiveCfg = Debug|Any CPU
		{EB9569D6-ADE3-4AFC-9A09-30EA41BAF6EC}.Debug|Any CPU.Build.0 = Debug|Any CPU
		{EB9569D6-ADE3-4AFC-9A09-30EA41BAF6EC}.Release|Any CPU.ActiveCfg = Release|Any CPU
		{EB9569D6-ADE3-4AFC-9A09-30EA41BAF6EC}.Release|Any CPU.Build.0 = Release|Any CPU
		{87BADA14-FEEA-4B80-8339-D1D0D5838D82}.Debug|Any CPU.ActiveCfg = Debug|Any CPU
		{87BADA14-FEEA-4B80-8339-D1D0D5838D82}.Debug|Any CPU.Build.0 = Debug|Any CPU
		{87BADA14-FEEA-4B80-8339-D1D0D5838D82}.Release|Any CPU.ActiveCfg = Release|Any CPU
		{87BADA14-FEEA-4B80-8339-D1D0D5838D82}.Release|Any CPU.Build.0 = Release|Any CPU
		{9A59B594-780A-4196-880C-7E985307B442}.Debug|Any CPU.ActiveCfg = Debug|Any CPU
		{9A59B594-780A-4196-880C-7E985307B442}.Debug|Any CPU.Build.0 = Debug|Any CPU
		{9A59B594-780A-4196-880C-7E985307B442}.Release|Any CPU.ActiveCfg = Release|Any CPU
		{9A59B594-780A-4196-880C-7E985307B442}.Release|Any CPU.Build.0 = Release|Any CPU
		{EBFDC82D-7F0C-4588-B188-0326E9628B32}.Debug|Any CPU.ActiveCfg = Debug|Any CPU
		{EBFDC82D-7F0C-4588-B188-0326E9628B32}.Debug|Any CPU.Build.0 = Debug|Any CPU
		{EBFDC82D-7F0C-4588-B188-0326E9628B32}.Release|Any CPU.ActiveCfg = Release|Any CPU
		{EBFDC82D-7F0C-4588-B188-0326E9628B32}.Release|Any CPU.Build.0 = Release|Any CPU
		{1ED2F1A0-724E-4336-B51C-2A008EAC95E7}.Debug|Any CPU.ActiveCfg = Debug|Any CPU
		{1ED2F1A0-724E-4336-B51C-2A008EAC95E7}.Debug|Any CPU.Build.0 = Debug|Any CPU
		{1ED2F1A0-724E-4336-B51C-2A008EAC95E7}.Release|Any CPU.ActiveCfg = Release|Any CPU
		{1ED2F1A0-724E-4336-B51C-2A008EAC95E7}.Release|Any CPU.Build.0 = Release|Any CPU
		{994F135D-AB60-445C-9930-6F2D3C9A1CAE}.Debug|Any CPU.ActiveCfg = Debug|Any CPU
		{994F135D-AB60-445C-9930-6F2D3C9A1CAE}.Debug|Any CPU.Build.0 = Debug|Any CPU
		{994F135D-AB60-445C-9930-6F2D3C9A1CAE}.Release|Any CPU.ActiveCfg = Release|Any CPU
		{994F135D-AB60-445C-9930-6F2D3C9A1CAE}.Release|Any CPU.Build.0 = Release|Any CPU
		{FBAA74C2-B100-420B-B3EC-F0050D9B0AD2}.Debug|Any CPU.ActiveCfg = Debug|Any CPU
		{FBAA74C2-B100-420B-B3EC-F0050D9B0AD2}.Debug|Any CPU.Build.0 = Debug|Any CPU
		{FBAA74C2-B100-420B-B3EC-F0050D9B0AD2}.Release|Any CPU.ActiveCfg = Release|Any CPU
		{FBAA74C2-B100-420B-B3EC-F0050D9B0AD2}.Release|Any CPU.Build.0 = Release|Any CPU
		{EA3DAC94-E029-450B-91FC-AE0725A5CBCD}.Debug|Any CPU.ActiveCfg = Debug|Any CPU
		{EA3DAC94-E029-450B-91FC-AE0725A5CBCD}.Debug|Any CPU.Build.0 = Debug|Any CPU
		{EA3DAC94-E029-450B-91FC-AE0725A5CBCD}.Release|Any CPU.ActiveCfg = Release|Any CPU
		{EA3DAC94-E029-450B-91FC-AE0725A5CBCD}.Release|Any CPU.Build.0 = Release|Any CPU
		{53B8C174-838E-46DA-B128-D4178F921D5E}.Debug|Any CPU.ActiveCfg = Debug|Any CPU
		{53B8C174-838E-46DA-B128-D4178F921D5E}.Debug|Any CPU.Build.0 = Debug|Any CPU
		{53B8C174-838E-46DA-B128-D4178F921D5E}.Release|Any CPU.ActiveCfg = Release|Any CPU
		{53B8C174-838E-46DA-B128-D4178F921D5E}.Release|Any CPU.Build.0 = Release|Any CPU
		{F6A37229-B087-471E-AC02-CB822B37536C}.Debug|Any CPU.ActiveCfg = Debug|Any CPU
		{F6A37229-B087-471E-AC02-CB822B37536C}.Debug|Any CPU.Build.0 = Debug|Any CPU
		{F6A37229-B087-471E-AC02-CB822B37536C}.Release|Any CPU.ActiveCfg = Release|Any CPU
		{F6A37229-B087-471E-AC02-CB822B37536C}.Release|Any CPU.Build.0 = Release|Any CPU
		{97F4BFB0-8B3A-4195-A00C-33D5A133A757}.Debug|Any CPU.ActiveCfg = Debug|Any CPU
		{97F4BFB0-8B3A-4195-A00C-33D5A133A757}.Debug|Any CPU.Build.0 = Debug|Any CPU
		{97F4BFB0-8B3A-4195-A00C-33D5A133A757}.Release|Any CPU.ActiveCfg = Release|Any CPU
		{97F4BFB0-8B3A-4195-A00C-33D5A133A757}.Release|Any CPU.Build.0 = Release|Any CPU
		{81F8E5E9-8E71-48EC-9B79-A6018055B4AE}.Debug|Any CPU.ActiveCfg = Debug|Any CPU
		{81F8E5E9-8E71-48EC-9B79-A6018055B4AE}.Debug|Any CPU.Build.0 = Debug|Any CPU
		{81F8E5E9-8E71-48EC-9B79-A6018055B4AE}.Release|Any CPU.ActiveCfg = Release|Any CPU
		{81F8E5E9-8E71-48EC-9B79-A6018055B4AE}.Release|Any CPU.Build.0 = Release|Any CPU
		{A9E79CF1-81DB-405F-8338-5564DADCF5DA}.Debug|Any CPU.ActiveCfg = Debug|Any CPU
		{A9E79CF1-81DB-405F-8338-5564DADCF5DA}.Debug|Any CPU.Build.0 = Debug|Any CPU
		{A9E79CF1-81DB-405F-8338-5564DADCF5DA}.Release|Any CPU.ActiveCfg = Release|Any CPU
		{A9E79CF1-81DB-405F-8338-5564DADCF5DA}.Release|Any CPU.Build.0 = Release|Any CPU
		{98922EDB-956E-4418-B634-93FCEF5A9661}.Debug|Any CPU.ActiveCfg = Debug|Any CPU
		{98922EDB-956E-4418-B634-93FCEF5A9661}.Debug|Any CPU.Build.0 = Debug|Any CPU
		{98922EDB-956E-4418-B634-93FCEF5A9661}.Release|Any CPU.ActiveCfg = Release|Any CPU
		{98922EDB-956E-4418-B634-93FCEF5A9661}.Release|Any CPU.Build.0 = Release|Any CPU
	EndGlobalSection
	GlobalSection(NestedProjects) = preSolution
		{503CC49C-67C7-4CCC-B628-2428B5CCBA31} = {6A844045-4E8E-42D7-92C2-6EAF73ED6237}
		{1327F58E-6B88-4A81-93A6-A798B4A8AF7E} = {6A844045-4E8E-42D7-92C2-6EAF73ED6237}
		{511438B0-0E80-4903-8552-D9EB88C55246} = {6A844045-4E8E-42D7-92C2-6EAF73ED6237}
		{E6840741-604E-4CE2-A92D-68E5A34F52DF} = {511438B0-0E80-4903-8552-D9EB88C55246}
		{433B206D-6255-411C-9EF8-3CB55FB4333A} = {E6840741-604E-4CE2-A92D-68E5A34F52DF}
		{923AAE39-DBCD-4E43-AF6F-C6008EE5C1CC} = {E6840741-604E-4CE2-A92D-68E5A34F52DF}
		{133D2FEE-EBA4-4543-B375-1F3BD42355B4} = {E6840741-604E-4CE2-A92D-68E5A34F52DF}
		{B5370D52-F0A3-4EE2-8F8C-BC4F4C277823} = {E6840741-604E-4CE2-A92D-68E5A34F52DF}
		{DABFF11F-49B1-4CF5-9978-0B06A04AD6EC} = {4604D478-F8E3-4E5E-BA9F-9E9322167329}
		{ED60B041-A299-4C31-A236-B1666F3647C1} = {6A844045-4E8E-42D7-92C2-6EAF73ED6237}
		{0C03A407-0032-42B9-9815-47E8017065F6} = {E6840741-604E-4CE2-A92D-68E5A34F52DF}
		{A7858EE0-867C-4DE7-8297-612D979108DD} = {511438B0-0E80-4903-8552-D9EB88C55246}
		{FBE5C4CC-1B72-41E6-8E31-86AF8BC9C64E} = {A7858EE0-867C-4DE7-8297-612D979108DD}
		{CCCF174F-53F4-4726-8E9D-0C763828468B} = {A7858EE0-867C-4DE7-8297-612D979108DD}
		{7343DECB-755D-4E2C-B7AB-F94DFD790298} = {A7858EE0-867C-4DE7-8297-612D979108DD}
		{FE23959A-1DCD-4CDB-BF54-7F052242C017} = {A7858EE0-867C-4DE7-8297-612D979108DD}
		{0E54B92B-024E-47C2-8B4A-E6B74E9387C9} = {A7858EE0-867C-4DE7-8297-612D979108DD}
		{924F7DD6-46B4-4CD0-A270-A86438E77238} = {511438B0-0E80-4903-8552-D9EB88C55246}
		{E59CC896-3A04-4274-A420-9623F0721F46} = {924F7DD6-46B4-4CD0-A270-A86438E77238}
		{E7C3CE19-FC88-454F-B234-B19BA02B7B7A} = {924F7DD6-46B4-4CD0-A270-A86438E77238}
		{3B0CBE37-76DB-4ADB-B647-15A14888E252} = {924F7DD6-46B4-4CD0-A270-A86438E77238}
		{611B844D-9283-4000-8203-42DF2393BE2F} = {924F7DD6-46B4-4CD0-A270-A86438E77238}
		{0737204C-DEBC-47C0-AC09-5F2AE31C4C65} = {924F7DD6-46B4-4CD0-A270-A86438E77238}
		{A3794E8A-AEE3-4AB7-B18B-EF03BCE963D6} = {511438B0-0E80-4903-8552-D9EB88C55246}
		{015C211E-8F9B-401D-B5A5-49237D33AEE2} = {A3794E8A-AEE3-4AB7-B18B-EF03BCE963D6}
		{AE2D7756-B26E-4344-B31F-970FFF957A3A} = {A3794E8A-AEE3-4AB7-B18B-EF03BCE963D6}
		{CABF8917-915F-47D3-B206-5CF6A36AB844} = {A3794E8A-AEE3-4AB7-B18B-EF03BCE963D6}
		{7BC40D6B-4762-4CFA-AC6F-EC3AA3C53C7D} = {A3794E8A-AEE3-4AB7-B18B-EF03BCE963D6}
		{436EE719-9BF5-4CA9-B5ED-5519B6174465} = {6A844045-4E8E-42D7-92C2-6EAF73ED6237}
		{26C588E5-553A-4DCE-B7E8-2F1FA7869B37} = {511438B0-0E80-4903-8552-D9EB88C55246}
		{C0BD60EE-BC61-4346-8D68-98BB4DE07FC9} = {26C588E5-553A-4DCE-B7E8-2F1FA7869B37}
		{3C42E4AC-7EB0-473C-AD31-997C76F7312B} = {26C588E5-553A-4DCE-B7E8-2F1FA7869B37}
		{2723A619-DC17-4079-B280-6C95C1C19533} = {26C588E5-553A-4DCE-B7E8-2F1FA7869B37}
		{CF0F6248-A1E0-4E42-86C7-F166663EF9A1} = {26C588E5-553A-4DCE-B7E8-2F1FA7869B37}
		{FF0C60D9-32B8-4C47-A8BC-B2E2E6677BDA} = {26C588E5-553A-4DCE-B7E8-2F1FA7869B37}
		{F42B84CF-EC56-4B32-9808-EE086901DADF} = {511438B0-0E80-4903-8552-D9EB88C55246}
		{EB9569D6-ADE3-4AFC-9A09-30EA41BAF6EC} = {F42B84CF-EC56-4B32-9808-EE086901DADF}
		{87BADA14-FEEA-4B80-8339-D1D0D5838D82} = {F42B84CF-EC56-4B32-9808-EE086901DADF}
		{9A59B594-780A-4196-880C-7E985307B442} = {F42B84CF-EC56-4B32-9808-EE086901DADF}
		{EBFDC82D-7F0C-4588-B188-0326E9628B32} = {F42B84CF-EC56-4B32-9808-EE086901DADF}
		{1ED2F1A0-724E-4336-B51C-2A008EAC95E7} = {F42B84CF-EC56-4B32-9808-EE086901DADF}
		{7F0452E9-3ADC-47EE-9B76-AF03BFEDF929} = {511438B0-0E80-4903-8552-D9EB88C55246}
		{994F135D-AB60-445C-9930-6F2D3C9A1CAE} = {7F0452E9-3ADC-47EE-9B76-AF03BFEDF929}
		{FBAA74C2-B100-420B-B3EC-F0050D9B0AD2} = {7F0452E9-3ADC-47EE-9B76-AF03BFEDF929}
		{EA3DAC94-E029-450B-91FC-AE0725A5CBCD} = {7F0452E9-3ADC-47EE-9B76-AF03BFEDF929}
		{53B8C174-838E-46DA-B128-D4178F921D5E} = {7F0452E9-3ADC-47EE-9B76-AF03BFEDF929}
		{F6A37229-B087-471E-AC02-CB822B37536C} = {7F0452E9-3ADC-47EE-9B76-AF03BFEDF929}
		{43582692-DF6C-476A-BC95-3865AA85A7CE} = {511438B0-0E80-4903-8552-D9EB88C55246}
		{97F4BFB0-8B3A-4195-A00C-33D5A133A757} = {43582692-DF6C-476A-BC95-3865AA85A7CE}
		{81F8E5E9-8E71-48EC-9B79-A6018055B4AE} = {43582692-DF6C-476A-BC95-3865AA85A7CE}
		{A9E79CF1-81DB-405F-8338-5564DADCF5DA} = {43582692-DF6C-476A-BC95-3865AA85A7CE}
		{98922EDB-956E-4418-B634-93FCEF5A9661} = {A3794E8A-AEE3-4AB7-B18B-EF03BCE963D6}
	EndGlobalSection
EndGlobal
