
Microsoft Visual Studio Solution File, Format Version 12.00
# Visual Studio Version 17
VisualStudioVersion = 17.0.31903.59
MinimumVisualStudioVersion = 10.0.40219.1
Project("{2150E333-8FDC-42A3-9474-1A3956D46DE8}") = "src", "src", "{6A844045-4E8E-42D7-92C2-6EAF73ED6237}"
EndProject
Project("{FAE04EC0-301F-11D3-BF4B-00C04F79EFBC}") = "Dpm.BuildingBlocks", "src\Dpm.BuildingBlocks\Dpm.BuildingBlocks.csproj", "{503CC49C-67C7-4CCC-B628-2428B5CCBA31}"
EndProject
Project("{FAE04EC0-301F-11D3-BF4B-00C04F79EFBC}") = "Dpm.Api", "src\Dpm.Api\Dpm.Api.csproj", "{1327F58E-6B88-4A81-93A6-A798B4A8AF7E}"
EndProject
Project("{2150E333-8FDC-42A3-9474-1A3956D46DE8}") = "Modules", "Modules", "{511438B0-0E80-4903-8552-D9EB88C55246}"
EndProject
Project("{2150E333-8FDC-42A3-9474-1A3956D46DE8}") = "Identity", "Identity", "{E6840741-604E-4CE2-A92D-68E5A34F52DF}"
EndProject
Project("{FAE04EC0-301F-11D3-BF4B-00C04F79EFBC}") = "Dpm.Identity.Domain", "src\Modules\Identity\Dpm.Identity.Domain\Dpm.Identity.Domain.csproj", "{433B206D-6255-411C-9EF8-3CB55FB4333A}"
EndProject
Project("{FAE04EC0-301F-11D3-BF4B-00C04F79EFBC}") = "Dpm.Identity.Application", "src\Modules\Identity\Dpm.Identity.Application\Dpm.Identity.Application.csproj", "{923AAE39-DBCD-4E43-AF6F-C6008EE5C1CC}"
EndProject
Project("{FAE04EC0-301F-11D3-BF4B-00C04F79EFBC}") = "Dpm.Identity.Infrastructure", "src\Modules\Identity\Dpm.Identity.Infrastructure\Dpm.Identity.Infrastructure.csproj", "{133D2FEE-EBA4-4543-B375-1F3BD42355B4}"
EndProject
Project("{FAE04EC0-301F-11D3-BF4B-00C04F79EFBC}") = "Dpm.Identity.Api", "src\Modules\Identity\Dpm.Identity.Api\Dpm.Identity.Api.csproj", "{B5370D52-F0A3-4EE2-8F8C-BC4F4C277823}"
EndProject
Project("{2150E333-8FDC-42A3-9474-1A3956D46DE8}") = "tests", "tests", "{4604D478-F8E3-4E5E-BA9F-9E9322167329}"
EndProject
Project("{FAE04EC0-301F-11D3-BF4B-00C04F79EFBC}") = "Dpm.UnitTests", "tests\Dpm.UnitTests\Dpm.UnitTests.csproj", "{DABFF11F-49B1-4CF5-9978-0B06A04AD6EC}"
EndProject
Project("{FAE04EC0-301F-11D3-BF4B-00C04F79EFBC}") = "Dpm.SharedApi", "src\Dpm.SharedApi\Dpm.SharedApi.csproj", "{ED60B041-A299-4C31-A236-B1666F3647C1}"
EndProject
Project("{FAE04EC0-301F-11D3-BF4B-00C04F79EFBC}") = "Dpm.Identity.Contracts", "src\Modules\Identity\Dpm.Identity.Contracts\Dpm.Identity.Contracts.csproj", "{0C03A407-0032-42B9-9815-47E8017065F6}"
EndProject
Project("{2150E333-8FDC-42A3-9474-1A3956D46DE8}") = "Marketplace", "Marketplace", "{A7858EE0-867C-4DE7-8297-612D979108DD}"
EndProject
Project("{FAE04EC0-301F-11D3-BF4B-00C04F79EFBC}") = "Dpm.Marketplace.Contracts", "src\Modules\Marketplace\Dpm.Marketplace.Contracts\Dpm.Marketplace.Contracts.csproj", "{FBE5C4CC-1B72-41E6-8E31-86AF8BC9C64E}"
EndProject
Project("{FAE04EC0-301F-11D3-BF4B-00C04F79EFBC}") = "Dpm.Marketplace.Domain", "src\Modules\Marketplace\Dpm.Marketplace.Domain\Dpm.Marketplace.Domain.csproj", "{CCCF174F-53F4-4726-8E9D-0C763828468B}"
EndProject
Project("{FAE04EC0-301F-11D3-BF4B-00C04F79EFBC}") = "Dpm.Marketplace.Application", "src\Modules\Marketplace\Dpm.Marketplace.Application\Dpm.Marketplace.Application.csproj", "{7343DECB-755D-4E2C-B7AB-F94DFD790298}"
EndProject
Project("{FAE04EC0-301F-11D3-BF4B-00C04F79EFBC}") = "Dpm.Marketplace.Infrastructure", "src\Modules\Marketplace\Dpm.Marketplace.Infrastructure\Dpm.Marketplace.Infrastructure.csproj", "{FE23959A-1DCD-4CDB-BF54-7F052242C017}"
EndProject
Project("{FAE04EC0-301F-11D3-BF4B-00C04F79EFBC}") = "Dpm.Marketplace.Api", "src\Modules\Marketplace\Dpm.Marketplace.Api\Dpm.Marketplace.Api.csproj", "{0E54B92B-024E-47C2-8B4A-E6B74E9387C9}"
EndProject
Project("{2150E333-8FDC-42A3-9474-1A3956D46DE8}") = "Catalog", "Catalog", "{924F7DD6-46B4-4CD0-A270-A86438E77238}"
EndProject
Project("{FAE04EC0-301F-11D3-BF4B-00C04F79EFBC}") = "Dpm.Catalog.Contracts", "src\Modules\Catalog\Dpm.Catalog.Contracts\Dpm.Catalog.Contracts.csproj", "{E59CC896-3A04-4274-A420-9623F0721F46}"
EndProject
Project("{FAE04EC0-301F-11D3-BF4B-00C04F79EFBC}") = "Dpm.Catalog.Domain", "src\Modules\Catalog\Dpm.Catalog.Domain\Dpm.Catalog.Domain.csproj", "{E7C3CE19-FC88-454F-B234-B19BA02B7B7A}"
EndProject
Project("{FAE04EC0-301F-11D3-BF4B-00C04F79EFBC}") = "Dpm.Catalog.Application", "src\Modules\Catalog\Dpm.Catalog.Application\Dpm.Catalog.Application.csproj", "{3B0CBE37-76DB-4ADB-B647-15A14888E252}"
EndProject
Project("{FAE04EC0-301F-11D3-BF4B-00C04F79EFBC}") = "Dpm.Catalog.Infrastructure", "src\Modules\Catalog\Dpm.Catalog.Infrastructure\Dpm.Catalog.Infrastructure.csproj", "{611B844D-9283-4000-8203-42DF2393BE2F}"
EndProject
Project("{FAE04EC0-301F-11D3-BF4B-00C04F79EFBC}") = "Dpm.Catalog.Api", "src\Modules\Catalog\Dpm.Catalog.Api\Dpm.Catalog.Api.csproj", "{0737204C-DEBC-47C0-AC09-5F2AE31C4C65}"
EndProject
Project("{2150E333-8FDC-42A3-9474-1A3956D46DE8}") = "Files", "Files", "{A3794E8A-AEE3-4AB7-B18B-EF03BCE963D6}"
EndProject
Project("{FAE04EC0-301F-11D3-BF4B-00C04F79EFBC}") = "Dpm.Files.Domain", "src\Modules\Files\Dpm.Files.Domain\Dpm.Files.Domain.csproj", "{015C211E-8F9B-401D-B5A5-49237D33AEE2}"
EndProject
Project("{FAE04EC0-301F-11D3-BF4B-00C04F79EFBC}") = "Dpm.Files.Application", "src\Modules\Files\Dpm.Files.Application\Dpm.Files.Application.csproj", "{AE2D7756-B26E-4344-B31F-970FFF957A3A}"
EndProject
Project("{FAE04EC0-301F-11D3-BF4B-00C04F79EFBC}") = "Dpm.Files.Infrastructure", "src\Modules\Files\Dpm.Files.Infrastructure\Dpm.Files.Infrastructure.csproj", "{CABF8917-915F-47D3-B206-5CF6A36AB844}"
EndProject
Project("{FAE04EC0-301F-11D3-BF4B-00C04F79EFBC}") = "Dpm.Files.Api", "src\Modules\Files\Dpm.Files.Api\Dpm.Files.Api.csproj", "{7BC40D6B-4762-4CFA-AC6F-EC3AA3C53C7D}"
EndProject
Global
	GlobalSection(SolutionConfigurationPlatforms) = preSolution
		Debug|Any CPU = Debug|Any CPU
		Release|Any CPU = Release|Any CPU
	EndGlobalSection
	GlobalSection(SolutionProperties) = preSolution
		HideSolutionNode = FALSE
	EndGlobalSection
	GlobalSection(ProjectConfigurationPlatforms) = postSolution
		{503CC49C-67C7-4CCC-B628-2428B5CCBA31}.Debug|Any CPU.ActiveCfg = Debug|Any CPU
		{503CC49C-67C7-4CCC-B628-2428B5CCBA31}.Debug|Any CPU.Build.0 = Debug|Any CPU
		{503CC49C-67C7-4CCC-B628-2428B5CCBA31}.Release|Any CPU.ActiveCfg = Release|Any CPU
		{503CC49C-67C7-4CCC-B628-2428B5CCBA31}.Release|Any CPU.Build.0 = Release|Any CPU
		{1327F58E-6B88-4A81-93A6-A798B4A8AF7E}.Debug|Any CPU.ActiveCfg = Debug|Any CPU
		{1327F58E-6B88-4A81-93A6-A798B4A8AF7E}.Debug|Any CPU.Build.0 = Debug|Any CPU
		{1327F58E-6B88-4A81-93A6-A798B4A8AF7E}.Release|Any CPU.ActiveCfg = Release|Any CPU
		{1327F58E-6B88-4A81-93A6-A798B4A8AF7E}.Release|Any CPU.Build.0 = Release|Any CPU
		{433B206D-6255-411C-9EF8-3CB55FB4333A}.Debug|Any CPU.ActiveCfg = Debug|Any CPU
		{433B206D-6255-411C-9EF8-3CB55FB4333A}.Debug|Any CPU.Build.0 = Debug|Any CPU
		{433B206D-6255-411C-9EF8-3CB55FB4333A}.Release|Any CPU.ActiveCfg = Release|Any CPU
		{433B206D-6255-411C-9EF8-3CB55FB4333A}.Release|Any CPU.Build.0 = Release|Any CPU
		{923AAE39-DBCD-4E43-AF6F-C6008EE5C1CC}.Debug|Any CPU.ActiveCfg = Debug|Any CPU
		{923AAE39-DBCD-4E43-AF6F-C6008EE5C1CC}.Debug|Any CPU.Build.0 = Debug|Any CPU
		{923AAE39-DBCD-4E43-AF6F-C6008EE5C1CC}.Release|Any CPU.ActiveCfg = Release|Any CPU
		{923AAE39-DBCD-4E43-AF6F-C6008EE5C1CC}.Release|Any CPU.Build.0 = Release|Any CPU
		{133D2FEE-EBA4-4543-B375-1F3BD42355B4}.Debug|Any CPU.ActiveCfg = Debug|Any CPU
		{133D2FEE-EBA4-4543-B375-1F3BD42355B4}.Debug|Any CPU.Build.0 = Debug|Any CPU
		{133D2FEE-EBA4-4543-B375-1F3BD42355B4}.Release|Any CPU.ActiveCfg = Release|Any CPU
		{133D2FEE-EBA4-4543-B375-1F3BD42355B4}.Release|Any CPU.Build.0 = Release|Any CPU
		{B5370D52-F0A3-4EE2-8F8C-BC4F4C277823}.Debug|Any CPU.ActiveCfg = Debug|Any CPU
		{B5370D52-F0A3-4EE2-8F8C-BC4F4C277823}.Debug|Any CPU.Build.0 = Debug|Any CPU
		{B5370D52-F0A3-4EE2-8F8C-BC4F4C277823}.Release|Any CPU.ActiveCfg = Release|Any CPU
		{B5370D52-F0A3-4EE2-8F8C-BC4F4C277823}.Release|Any CPU.Build.0 = Release|Any CPU
		{DABFF11F-49B1-4CF5-9978-0B06A04AD6EC}.Debug|Any CPU.ActiveCfg = Debug|Any CPU
		{DABFF11F-49B1-4CF5-9978-0B06A04AD6EC}.Debug|Any CPU.Build.0 = Debug|Any CPU
		{DABFF11F-49B1-4CF5-9978-0B06A04AD6EC}.Release|Any CPU.ActiveCfg = Release|Any CPU
		{DABFF11F-49B1-4CF5-9978-0B06A04AD6EC}.Release|Any CPU.Build.0 = Release|Any CPU
		{ED60B041-A299-4C31-A236-B1666F3647C1}.Debug|Any CPU.ActiveCfg = Debug|Any CPU
		{ED60B041-A299-4C31-A236-B1666F3647C1}.Debug|Any CPU.Build.0 = Debug|Any CPU
		{ED60B041-A299-4C31-A236-B1666F3647C1}.Release|Any CPU.ActiveCfg = Release|Any CPU
		{ED60B041-A299-4C31-A236-B1666F3647C1}.Release|Any CPU.Build.0 = Release|Any CPU
		{0C03A407-0032-42B9-9815-47E8017065F6}.Debug|Any CPU.ActiveCfg = Debug|Any CPU
		{0C03A407-0032-42B9-9815-47E8017065F6}.Debug|Any CPU.Build.0 = Debug|Any CPU
		{0C03A407-0032-42B9-9815-47E8017065F6}.Release|Any CPU.ActiveCfg = Release|Any CPU
		{0C03A407-0032-42B9-9815-47E8017065F6}.Release|Any CPU.Build.0 = Release|Any CPU
		{FBE5C4CC-1B72-41E6-8E31-86AF8BC9C64E}.Debug|Any CPU.ActiveCfg = Debug|Any CPU
		{FBE5C4CC-1B72-41E6-8E31-86AF8BC9C64E}.Debug|Any CPU.Build.0 = Debug|Any CPU
		{FBE5C4CC-1B72-41E6-8E31-86AF8BC9C64E}.Release|Any CPU.ActiveCfg = Release|Any CPU
		{FBE5C4CC-1B72-41E6-8E31-86AF8BC9C64E}.Release|Any CPU.Build.0 = Release|Any CPU
		{CCCF174F-53F4-4726-8E9D-0C763828468B}.Debug|Any CPU.ActiveCfg = Debug|Any CPU
		{CCCF174F-53F4-4726-8E9D-0C763828468B}.Debug|Any CPU.Build.0 = Debug|Any CPU
		{CCCF174F-53F4-4726-8E9D-0C763828468B}.Release|Any CPU.ActiveCfg = Release|Any CPU
		{CCCF174F-53F4-4726-8E9D-0C763828468B}.Release|Any CPU.Build.0 = Release|Any CPU
		{7343DECB-755D-4E2C-B7AB-F94DFD790298}.Debug|Any CPU.ActiveCfg = Debug|Any CPU
		{7343DECB-755D-4E2C-B7AB-F94DFD790298}.Debug|Any CPU.Build.0 = Debug|Any CPU
		{7343DECB-755D-4E2C-B7AB-F94DFD790298}.Release|Any CPU.ActiveCfg = Release|Any CPU
		{7343DECB-755D-4E2C-B7AB-F94DFD790298}.Release|Any CPU.Build.0 = Release|Any CPU
		{FE23959A-1DCD-4CDB-BF54-7F052242C017}.Debug|Any CPU.ActiveCfg = Debug|Any CPU
		{FE23959A-1DCD-4CDB-BF54-7F052242C017}.Debug|Any CPU.Build.0 = Debug|Any CPU
		{FE23959A-1DCD-4CDB-BF54-7F052242C017}.Release|Any CPU.ActiveCfg = Release|Any CPU
		{FE23959A-1DCD-4CDB-BF54-7F052242C017}.Release|Any CPU.Build.0 = Release|Any CPU
		{0E54B92B-024E-47C2-8B4A-E6B74E9387C9}.Debug|Any CPU.ActiveCfg = Debug|Any CPU
		{0E54B92B-024E-47C2-8B4A-E6B74E9387C9}.Debug|Any CPU.Build.0 = Debug|Any CPU
		{0E54B92B-024E-47C2-8B4A-E6B74E9387C9}.Release|Any CPU.ActiveCfg = Release|Any CPU
		{0E54B92B-024E-47C2-8B4A-E6B74E9387C9}.Release|Any CPU.Build.0 = Release|Any CPU
		{E59CC896-3A04-4274-A420-9623F0721F46}.Debug|Any CPU.ActiveCfg = Debug|Any CPU
		{E59CC896-3A04-4274-A420-9623F0721F46}.Debug|Any CPU.Build.0 = Debug|Any CPU
		{E59CC896-3A04-4274-A420-9623F0721F46}.Release|Any CPU.ActiveCfg = Release|Any CPU
		{E59CC896-3A04-4274-A420-9623F0721F46}.Release|Any CPU.Build.0 = Release|Any CPU
		{E7C3CE19-FC88-454F-B234-B19BA02B7B7A}.Debug|Any CPU.ActiveCfg = Debug|Any CPU
		{E7C3CE19-FC88-454F-B234-B19BA02B7B7A}.Debug|Any CPU.Build.0 = Debug|Any CPU
		{E7C3CE19-FC88-454F-B234-B19BA02B7B7A}.Release|Any CPU.ActiveCfg = Release|Any CPU
		{E7C3CE19-FC88-454F-B234-B19BA02B7B7A}.Release|Any CPU.Build.0 = Release|Any CPU
		{3B0CBE37-76DB-4ADB-B647-15A14888E252}.Debug|Any CPU.ActiveCfg = Debug|Any CPU
		{3B0CBE37-76DB-4ADB-B647-15A14888E252}.Debug|Any CPU.Build.0 = Debug|Any CPU
		{3B0CBE37-76DB-4ADB-B647-15A14888E252}.Release|Any CPU.ActiveCfg = Release|Any CPU
		{3B0CBE37-76DB-4ADB-B647-15A14888E252}.Release|Any CPU.Build.0 = Release|Any CPU
		{611B844D-9283-4000-8203-42DF2393BE2F}.Debug|Any CPU.ActiveCfg = Debug|Any CPU
		{611B844D-9283-4000-8203-42DF2393BE2F}.Debug|Any CPU.Build.0 = Debug|Any CPU
		{611B844D-9283-4000-8203-42DF2393BE2F}.Release|Any CPU.ActiveCfg = Release|Any CPU
		{611B844D-9283-4000-8203-42DF2393BE2F}.Release|Any CPU.Build.0 = Release|Any CPU
		{0737204C-DEBC-47C0-AC09-5F2AE31C4C65}.Debug|Any CPU.ActiveCfg = Debug|Any CPU
		{0737204C-DEBC-47C0-AC09-5F2AE31C4C65}.Debug|Any CPU.Build.0 = Debug|Any CPU
		{0737204C-DEBC-47C0-AC09-5F2AE31C4C65}.Release|Any CPU.ActiveCfg = Release|Any CPU
		{0737204C-DEBC-47C0-AC09-5F2AE31C4C65}.Release|Any CPU.Build.0 = Release|Any CPU
		{015C211E-8F9B-401D-B5A5-49237D33AEE2}.Debug|Any CPU.ActiveCfg = Debug|Any CPU
		{015C211E-8F9B-401D-B5A5-49237D33AEE2}.Debug|Any CPU.Build.0 = Debug|Any CPU
		{015C211E-8F9B-401D-B5A5-49237D33AEE2}.Release|Any CPU.ActiveCfg = Release|Any CPU
		{015C211E-8F9B-401D-B5A5-49237D33AEE2}.Release|Any CPU.Build.0 = Release|Any CPU
		{AE2D7756-B26E-4344-B31F-970FFF957A3A}.Debug|Any CPU.ActiveCfg = Debug|Any CPU
		{AE2D7756-B26E-4344-B31F-970FFF957A3A}.Debug|Any CPU.Build.0 = Debug|Any CPU
		{AE2D7756-B26E-4344-B31F-970FFF957A3A}.Release|Any CPU.ActiveCfg = Release|Any CPU
		{AE2D7756-B26E-4344-B31F-970FFF957A3A}.Release|Any CPU.Build.0 = Release|Any CPU
		{CABF8917-915F-47D3-B206-5CF6A36AB844}.Debug|Any CPU.ActiveCfg = Debug|Any CPU
		{CABF8917-915F-47D3-B206-5CF6A36AB844}.Debug|Any CPU.Build.0 = Debug|Any CPU
		{CABF8917-915F-47D3-B206-5CF6A36AB844}.Release|Any CPU.ActiveCfg = Release|Any CPU
		{CABF8917-915F-47D3-B206-5CF6A36AB844}.Release|Any CPU.Build.0 = Release|Any CPU
		{7BC40D6B-4762-4CFA-AC6F-EC3AA3C53C7D}.Debug|Any CPU.ActiveCfg = Debug|Any CPU
		{7BC40D6B-4762-4CFA-AC6F-EC3AA3C53C7D}.Debug|Any CPU.Build.0 = Debug|Any CPU
		{7BC40D6B-4762-4CFA-AC6F-EC3AA3C53C7D}.Release|Any CPU.ActiveCfg = Release|Any CPU
		{7BC40D6B-4762-4CFA-AC6F-EC3AA3C53C7D}.Release|Any CPU.Build.0 = Release|Any CPU
	EndGlobalSection
	GlobalSection(NestedProjects) = preSolution
		{503CC49C-67C7-4CCC-B628-2428B5CCBA31} = {6A844045-4E8E-42D7-92C2-6EAF73ED6237}
		{1327F58E-6B88-4A81-93A6-A798B4A8AF7E} = {6A844045-4E8E-42D7-92C2-6EAF73ED6237}
		{511438B0-0E80-4903-8552-D9EB88C55246} = {6A844045-4E8E-42D7-92C2-6EAF73ED6237}
		{E6840741-604E-4CE2-A92D-68E5A34F52DF} = {511438B0-0E80-4903-8552-D9EB88C55246}
		{433B206D-6255-411C-9EF8-3CB55FB4333A} = {E6840741-604E-4CE2-A92D-68E5A34F52DF}
		{923AAE39-DBCD-4E43-AF6F-C6008EE5C1CC} = {E6840741-604E-4CE2-A92D-68E5A34F52DF}
		{133D2FEE-EBA4-4543-B375-1F3BD42355B4} = {E6840741-604E-4CE2-A92D-68E5A34F52DF}
		{B5370D52-F0A3-4EE2-8F8C-BC4F4C277823} = {E6840741-604E-4CE2-A92D-68E5A34F52DF}
		{DABFF11F-49B1-4CF5-9978-0B06A04AD6EC} = {4604D478-F8E3-4E5E-BA9F-9E9322167329}
		{ED60B041-A299-4C31-A236-B1666F3647C1} = {6A844045-4E8E-42D7-92C2-6EAF73ED6237}
		{0C03A407-0032-42B9-9815-47E8017065F6} = {E6840741-604E-4CE2-A92D-68E5A34F52DF}
		{A7858EE0-867C-4DE7-8297-612D979108DD} = {511438B0-0E80-4903-8552-D9EB88C55246}
		{FBE5C4CC-1B72-41E6-8E31-86AF8BC9C64E} = {A7858EE0-867C-4DE7-8297-612D979108DD}
		{CCCF174F-53F4-4726-8E9D-0C763828468B} = {A7858EE0-867C-4DE7-8297-612D979108DD}
		{7343DECB-755D-4E2C-B7AB-F94DFD790298} = {A7858EE0-867C-4DE7-8297-612D979108DD}
		{FE23959A-1DCD-4CDB-BF54-7F052242C017} = {A7858EE0-867C-4DE7-8297-612D979108DD}
		{0E54B92B-024E-47C2-8B4A-E6B74E9387C9} = {A7858EE0-867C-4DE7-8297-612D979108DD}
		{924F7DD6-46B4-4CD0-A270-A86438E77238} = {511438B0-0E80-4903-8552-D9EB88C55246}
		{E59CC896-3A04-4274-A420-9623F0721F46} = {924F7DD6-46B4-4CD0-A270-A86438E77238}
		{E7C3CE19-FC88-454F-B234-B19BA02B7B7A} = {924F7DD6-46B4-4CD0-A270-A86438E77238}
		{3B0CBE37-76DB-4ADB-B647-15A14888E252} = {924F7DD6-46B4-4CD0-A270-A86438E77238}
		{611B844D-9283-4000-8203-42DF2393BE2F} = {924F7DD6-46B4-4CD0-A270-A86438E77238}
		{0737204C-DEBC-47C0-AC09-5F2AE31C4C65} = {924F7DD6-46B4-4CD0-A270-A86438E77238}
		{A3794E8A-AEE3-4AB7-B18B-EF03BCE963D6} = {511438B0-0E80-4903-8552-D9EB88C55246}
		{015C211E-8F9B-401D-B5A5-49237D33AEE2} = {A3794E8A-AEE3-4AB7-B18B-EF03BCE963D6}
		{AE2D7756-B26E-4344-B31F-970FFF957A3A} = {A3794E8A-AEE3-4AB7-B18B-EF03BCE963D6}
		{CABF8917-915F-47D3-B206-5CF6A36AB844} = {A3794E8A-AEE3-4AB7-B18B-EF03BCE963D6}
		{7BC40D6B-4762-4CFA-AC6F-EC3AA3C53C7D} = {A3794E8A-AEE3-4AB7-B18B-EF03BCE963D6}
	EndGlobalSection
EndGlobal
